// !$*UTF8*$!
{
	archiveVersion = 1;
	classes = {
	};
	objectVersion = 52;
	objects = {

/* Begin PBXBuildFile section */
		A67945A827A133B100ADF5FD /* MockURLProtocol.swift in Sources */ = {isa = PBXBuildFile; fileRef = A67945A227A133B100ADF5FD /* MockURLProtocol.swift */; };
		A67945A927A133B100ADF5FD /* ContactApiTests.swift in Sources */ = {isa = PBXBuildFile; fileRef = A67945A327A133B100ADF5FD /* ContactApiTests.swift */; };
		A67945AA27A133B100ADF5FD /* ContactDaoTests.swift in Sources */ = {isa = PBXBuildFile; fileRef = A67945A527A133B100ADF5FD /* ContactDaoTests.swift */; };
		A67945AB27A133B100ADF5FD /* ContactRepositoryTests.swift in Sources */ = {isa = PBXBuildFile; fileRef = A67945A727A133B100ADF5FD /* ContactRepositoryTests.swift */; };
		A67945AE27A135A800ADF5FD /* Mockingbird in Frameworks */ = {isa = PBXBuildFile; productRef = A67945AD27A135A800ADF5FD /* Mockingbird */; };
		A6BB7347279CF74C001B2DD7 /* Repository.swift in Sources */ = {isa = PBXBuildFile; fileRef = A6BB733E279CF74C001B2DD7 /* Repository.swift */; };
		A6BB7364279CF770001B2DD7 /* Publisher+Extension.swift in Sources */ = {isa = PBXBuildFile; fileRef = A6BB734D279CF770001B2DD7 /* Publisher+Extension.swift */; };
		A6BB7365279CF770001B2DD7 /* ContactDaoImpl.swift in Sources */ = {isa = PBXBuildFile; fileRef = A6BB7350279CF770001B2DD7 /* ContactDaoImpl.swift */; };
		A6BB7366279CF770001B2DD7 /* ContactDao.swift in Sources */ = {isa = PBXBuildFile; fileRef = A6BB7351279CF770001B2DD7 /* ContactDao.swift */; };
		A6BB7367279CF770001B2DD7 /* BaseDao.swift in Sources */ = {isa = PBXBuildFile; fileRef = A6BB7352279CF770001B2DD7 /* BaseDao.swift */; };
		A6BB7368279CF770001B2DD7 /* ApiError.swift in Sources */ = {isa = PBXBuildFile; fileRef = A6BB7355279CF770001B2DD7 /* ApiError.swift */; };
		A6BB7369279CF770001B2DD7 /* RepositoryConfigs.swift in Sources */ = {isa = PBXBuildFile; fileRef = A6BB7357279CF770001B2DD7 /* RepositoryConfigs.swift */; };
		A6BB736A279CF770001B2DD7 /* ContactApiImpl.swift in Sources */ = {isa = PBXBuildFile; fileRef = A6BB735A279CF770001B2DD7 /* ContactApiImpl.swift */; };
		A6BB736B279CF770001B2DD7 /* BaseUrl.swift in Sources */ = {isa = PBXBuildFile; fileRef = A6BB735B279CF770001B2DD7 /* BaseUrl.swift */; };
		A6BB736C279CF770001B2DD7 /* ContactApi.swift in Sources */ = {isa = PBXBuildFile; fileRef = A6BB735C279CF770001B2DD7 /* ContactApi.swift */; };
		A6BB736D279CF770001B2DD7 /* BaseApi.swift in Sources */ = {isa = PBXBuildFile; fileRef = A6BB735D279CF770001B2DD7 /* BaseApi.swift */; };
		A6BB736E279CF770001B2DD7 /* Contact.swift in Sources */ = {isa = PBXBuildFile; fileRef = A6BB735F279CF770001B2DD7 /* Contact.swift */; };
		A6BB736F279CF770001B2DD7 /* ContactRepositoryImpl.swift in Sources */ = {isa = PBXBuildFile; fileRef = A6BB7362279CF770001B2DD7 /* ContactRepositoryImpl.swift */; };
		A6BB7370279CF770001B2DD7 /* ContactRepository.swift in Sources */ = {isa = PBXBuildFile; fileRef = A6BB7363279CF770001B2DD7 /* ContactRepository.swift */; };
		A6D08AA1279CEFC400D35698 /* Repository.framework in Frameworks */ = {isa = PBXBuildFile; fileRef = A6D08A97279CEFC400D35698 /* Repository.framework */; };
		A6D08AA6279CEFC400D35698 /* RepositoryTests.swift in Sources */ = {isa = PBXBuildFile; fileRef = A6D08AA5279CEFC400D35698 /* RepositoryTests.swift */; };
		A6D08AA8279CEFC400D35698 /* Repository.h in Headers */ = {isa = PBXBuildFile; fileRef = A6D08A9A279CEFC400D35698 /* Repository.h */; settings = {ATTRIBUTES = (Public, ); }; };
		D24518527751F58218E58F46 /* RepositoryTests-RepositoryMocks.generated.swift in Sources */ = {isa = PBXBuildFile; fileRef = 22DB09A887EEEA508E894FAE /* RepositoryTests-RepositoryMocks.generated.swift */; };
/* End PBXBuildFile section */

/* Begin PBXContainerItemProxy section */
		A6D08AA2279CEFC400D35698 /* PBXContainerItemProxy */ = {
			isa = PBXContainerItemProxy;
			containerPortal = A6D08A8E279CEFC300D35698 /* Project object */;
			proxyType = 1;
			remoteGlobalIDString = A6D08A96279CEFC400D35698;
			remoteInfo = Repository;
		};
/* End PBXContainerItemProxy section */

/* Begin PBXFileReference section */
		22DB09A887EEEA508E894FAE /* RepositoryTests-RepositoryMocks.generated.swift */ = {isa = PBXFileReference; explicitFileType = sourcecode.swift; name = "RepositoryTests-RepositoryMocks.generated.swift"; path = "MockingbirdMocks/RepositoryTests-RepositoryMocks.generated.swift"; sourceTree = "<group>"; };
		A67945A227A133B100ADF5FD /* MockURLProtocol.swift */ = {isa = PBXFileReference; fileEncoding = 4; lastKnownFileType = sourcecode.swift; path = MockURLProtocol.swift; sourceTree = "<group>"; };
		A67945A327A133B100ADF5FD /* ContactApiTests.swift */ = {isa = PBXFileReference; fileEncoding = 4; lastKnownFileType = sourcecode.swift; path = ContactApiTests.swift; sourceTree = "<group>"; };
		A67945A527A133B100ADF5FD /* ContactDaoTests.swift */ = {isa = PBXFileReference; fileEncoding = 4; lastKnownFileType = sourcecode.swift; path = ContactDaoTests.swift; sourceTree = "<group>"; };
		A67945A727A133B100ADF5FD /* ContactRepositoryTests.swift */ = {isa = PBXFileReference; fileEncoding = 4; lastKnownFileType = sourcecode.swift; path = ContactRepositoryTests.swift; sourceTree = "<group>"; };
		A6BB733E279CF74C001B2DD7 /* Repository.swift */ = {isa = PBXFileReference; fileEncoding = 4; lastKnownFileType = sourcecode.swift; path = Repository.swift; sourceTree = "<group>"; };
		A6BB734D279CF770001B2DD7 /* Publisher+Extension.swift */ = {isa = PBXFileReference; fileEncoding = 4; lastKnownFileType = sourcecode.swift; path = "Publisher+Extension.swift"; sourceTree = "<group>"; };
		A6BB7350279CF770001B2DD7 /* ContactDaoImpl.swift */ = {isa = PBXFileReference; fileEncoding = 4; lastKnownFileType = sourcecode.swift; path = ContactDaoImpl.swift; sourceTree = "<group>"; };
		A6BB7351279CF770001B2DD7 /* ContactDao.swift */ = {isa = PBXFileReference; fileEncoding = 4; lastKnownFileType = sourcecode.swift; path = ContactDao.swift; sourceTree = "<group>"; };
		A6BB7352279CF770001B2DD7 /* BaseDao.swift */ = {isa = PBXFileReference; fileEncoding = 4; lastKnownFileType = sourcecode.swift; path = BaseDao.swift; sourceTree = "<group>"; };
		A6BB7355279CF770001B2DD7 /* ApiError.swift */ = {isa = PBXFileReference; fileEncoding = 4; lastKnownFileType = sourcecode.swift; path = ApiError.swift; sourceTree = "<group>"; };
		A6BB7357279CF770001B2DD7 /* RepositoryConfigs.swift */ = {isa = PBXFileReference; fileEncoding = 4; lastKnownFileType = sourcecode.swift; path = RepositoryConfigs.swift; sourceTree = "<group>"; };
		A6BB735A279CF770001B2DD7 /* ContactApiImpl.swift */ = {isa = PBXFileReference; fileEncoding = 4; lastKnownFileType = sourcecode.swift; path = ContactApiImpl.swift; sourceTree = "<group>"; };
		A6BB735B279CF770001B2DD7 /* BaseUrl.swift */ = {isa = PBXFileReference; fileEncoding = 4; lastKnownFileType = sourcecode.swift; path = BaseUrl.swift; sourceTree = "<group>"; };
		A6BB735C279CF770001B2DD7 /* ContactApi.swift */ = {isa = PBXFileReference; fileEncoding = 4; lastKnownFileType = sourcecode.swift; path = ContactApi.swift; sourceTree = "<group>"; };
		A6BB735D279CF770001B2DD7 /* BaseApi.swift */ = {isa = PBXFileReference; fileEncoding = 4; lastKnownFileType = sourcecode.swift; path = BaseApi.swift; sourceTree = "<group>"; };
		A6BB735F279CF770001B2DD7 /* Contact.swift */ = {isa = PBXFileReference; fileEncoding = 4; lastKnownFileType = sourcecode.swift; path = Contact.swift; sourceTree = "<group>"; };
		A6BB7362279CF770001B2DD7 /* ContactRepositoryImpl.swift */ = {isa = PBXFileReference; fileEncoding = 4; lastKnownFileType = sourcecode.swift; path = ContactRepositoryImpl.swift; sourceTree = "<group>"; };
		A6BB7363279CF770001B2DD7 /* ContactRepository.swift */ = {isa = PBXFileReference; fileEncoding = 4; lastKnownFileType = sourcecode.swift; path = ContactRepository.swift; sourceTree = "<group>"; };
		A6D08A97279CEFC400D35698 /* Repository.framework */ = {isa = PBXFileReference; explicitFileType = wrapper.framework; includeInIndex = 0; path = Repository.framework; sourceTree = BUILT_PRODUCTS_DIR; };
		A6D08A9A279CEFC400D35698 /* Repository.h */ = {isa = PBXFileReference; lastKnownFileType = sourcecode.c.h; path = Repository.h; sourceTree = "<group>"; };
		A6D08A9B279CEFC400D35698 /* Info.plist */ = {isa = PBXFileReference; lastKnownFileType = text.plist.xml; path = Info.plist; sourceTree = "<group>"; };
		A6D08AA0279CEFC400D35698 /* RepositoryTests.xctest */ = {isa = PBXFileReference; explicitFileType = wrapper.cfbundle; includeInIndex = 0; path = RepositoryTests.xctest; sourceTree = BUILT_PRODUCTS_DIR; };
		A6D08AA5279CEFC400D35698 /* RepositoryTests.swift */ = {isa = PBXFileReference; lastKnownFileType = sourcecode.swift; path = RepositoryTests.swift; sourceTree = "<group>"; };
		A6D08AA7279CEFC400D35698 /* Info.plist */ = {isa = PBXFileReference; lastKnownFileType = text.plist.xml; path = Info.plist; sourceTree = "<group>"; };
/* End PBXFileReference section */

/* Begin PBXFrameworksBuildPhase section */
		A6D08A94279CEFC400D35698 /* Frameworks */ = {
			isa = PBXFrameworksBuildPhase;
			buildActionMask = 2147483647;
			files = (
			);
			runOnlyForDeploymentPostprocessing = 0;
		};
		A6D08A9D279CEFC400D35698 /* Frameworks */ = {
			isa = PBXFrameworksBuildPhase;
			buildActionMask = 2147483647;
			files = (
				A67945AE27A135A800ADF5FD /* Mockingbird in Frameworks */,
				A6D08AA1279CEFC400D35698 /* Repository.framework in Frameworks */,
			);
			runOnlyForDeploymentPostprocessing = 0;
		};
/* End PBXFrameworksBuildPhase section */

/* Begin PBXGroup section */
		A67945A127A133B100ADF5FD /* Api */ = {
			isa = PBXGroup;
			children = (
				A67945A227A133B100ADF5FD /* MockURLProtocol.swift */,
				A67945A327A133B100ADF5FD /* ContactApiTests.swift */,
			);
			path = Api;
			sourceTree = "<group>";
		};
		A67945A427A133B100ADF5FD /* Dao */ = {
			isa = PBXGroup;
			children = (
				A67945A527A133B100ADF5FD /* ContactDaoTests.swift */,
			);
			path = Dao;
			sourceTree = "<group>";
		};
		A67945A627A133B100ADF5FD /* Repository */ = {
			isa = PBXGroup;
			children = (
				A67945A727A133B100ADF5FD /* ContactRepositoryTests.swift */,
			);
			path = Repository;
			sourceTree = "<group>";
		};
		A6BB734C279CF770001B2DD7 /* Extension */ = {
			isa = PBXGroup;
			children = (
				A6BB734D279CF770001B2DD7 /* Publisher+Extension.swift */,
			);
			path = Extension;
			sourceTree = "<group>";
		};
		A6BB734E279CF770001B2DD7 /* Dao */ = {
			isa = PBXGroup;
			children = (
				A6BB734F279CF770001B2DD7 /* impl */,
				A6BB7351279CF770001B2DD7 /* ContactDao.swift */,
				A6BB7352279CF770001B2DD7 /* BaseDao.swift */,
			);
			path = Dao;
			sourceTree = "<group>";
		};
		A6BB734F279CF770001B2DD7 /* impl */ = {
			isa = PBXGroup;
			children = (
				A6BB7350279CF770001B2DD7 /* ContactDaoImpl.swift */,
			);
			path = impl;
			sourceTree = "<group>";
		};
		A6BB7353279CF770001B2DD7 /* Enum */ = {
			isa = PBXGroup;
			children = (
			);
			path = Enum;
			sourceTree = "<group>";
		};
		A6BB7354279CF770001B2DD7 /* Exception */ = {
			isa = PBXGroup;
			children = (
				A6BB7355279CF770001B2DD7 /* ApiError.swift */,
			);
			path = Exception;
			sourceTree = "<group>";
		};
		A6BB7356279CF770001B2DD7 /* Configurations */ = {
			isa = PBXGroup;
			children = (
				A6BB7357279CF770001B2DD7 /* RepositoryConfigs.swift */,
			);
			path = Configurations;
			sourceTree = "<group>";
		};
		A6BB7358279CF770001B2DD7 /* Api */ = {
			isa = PBXGroup;
			children = (
				A6BB7359279CF770001B2DD7 /* impl */,
				A6BB735B279CF770001B2DD7 /* BaseUrl.swift */,
				A6BB735C279CF770001B2DD7 /* ContactApi.swift */,
				A6BB735D279CF770001B2DD7 /* BaseApi.swift */,
			);
			path = Api;
			sourceTree = "<group>";
		};
		A6BB7359279CF770001B2DD7 /* impl */ = {
			isa = PBXGroup;
			children = (
				A6BB735A279CF770001B2DD7 /* ContactApiImpl.swift */,
			);
			path = impl;
			sourceTree = "<group>";
		};
		A6BB735E279CF770001B2DD7 /* Model */ = {
			isa = PBXGroup;
			children = (
				A6BB735F279CF770001B2DD7 /* Contact.swift */,
			);
			path = Model;
			sourceTree = "<group>";
		};
		A6BB7360279CF770001B2DD7 /* Repository */ = {
			isa = PBXGroup;
			children = (
				A6BB7361279CF770001B2DD7 /* impl */,
				A6BB7363279CF770001B2DD7 /* ContactRepository.swift */,
			);
			path = Repository;
			sourceTree = "<group>";
		};
		A6BB7361279CF770001B2DD7 /* impl */ = {
			isa = PBXGroup;
			children = (
				A6BB7362279CF770001B2DD7 /* ContactRepositoryImpl.swift */,
			);
			path = impl;
			sourceTree = "<group>";
		};
		A6D08A8D279CEFC300D35698 = {
			isa = PBXGroup;
			children = (
				A6D08A99279CEFC400D35698 /* Repository */,
				A6D08AA4279CEFC400D35698 /* RepositoryTests */,
				A6D08A98279CEFC400D35698 /* Products */,
				F9B9F2D1D0E7F274AD830E26 /* Generated Mocks */,
			);
			sourceTree = "<group>";
		};
		A6D08A98279CEFC400D35698 /* Products */ = {
			isa = PBXGroup;
			children = (
				A6D08A97279CEFC400D35698 /* Repository.framework */,
				A6D08AA0279CEFC400D35698 /* RepositoryTests.xctest */,
			);
			name = Products;
			sourceTree = "<group>";
		};
		A6D08A99279CEFC400D35698 /* Repository */ = {
			isa = PBXGroup;
			children = (
				A6BB7358279CF770001B2DD7 /* Api */,
				A6BB7356279CF770001B2DD7 /* Configurations */,
				A6BB734E279CF770001B2DD7 /* Dao */,
				A6BB7353279CF770001B2DD7 /* Enum */,
				A6BB7354279CF770001B2DD7 /* Exception */,
				A6BB734C279CF770001B2DD7 /* Extension */,
				A6BB735E279CF770001B2DD7 /* Model */,
				A6BB7360279CF770001B2DD7 /* Repository */,
				A6BB733E279CF74C001B2DD7 /* Repository.swift */,
				A6D08A9A279CEFC400D35698 /* Repository.h */,
				A6D08A9B279CEFC400D35698 /* Info.plist */,
			);
			path = Repository;
			sourceTree = "<group>";
		};
		A6D08AA4279CEFC400D35698 /* RepositoryTests */ = {
			isa = PBXGroup;
			children = (
				A67945A127A133B100ADF5FD /* Api */,
				A67945A427A133B100ADF5FD /* Dao */,
				A67945A627A133B100ADF5FD /* Repository */,
				A6D08AA5279CEFC400D35698 /* RepositoryTests.swift */,
				A6D08AA7279CEFC400D35698 /* Info.plist */,
			);
			path = RepositoryTests;
			sourceTree = "<group>";
		};
		F9B9F2D1D0E7F274AD830E26 /* Generated Mocks */ = {
			isa = PBXGroup;
			children = (
				22DB09A887EEEA508E894FAE /* RepositoryTests-RepositoryMocks.generated.swift */,
			);
			name = "Generated Mocks";
			sourceTree = "<group>";
		};
/* End PBXGroup section */

/* Begin PBXHeadersBuildPhase section */
		A6D08A92279CEFC400D35698 /* Headers */ = {
			isa = PBXHeadersBuildPhase;
			buildActionMask = 2147483647;
			files = (
				A6D08AA8279CEFC400D35698 /* Repository.h in Headers */,
			);
			runOnlyForDeploymentPostprocessing = 0;
		};
/* End PBXHeadersBuildPhase section */

/* Begin PBXNativeTarget section */
		A6D08A96279CEFC400D35698 /* Repository */ = {
			isa = PBXNativeTarget;
			buildConfigurationList = A6D08AAB279CEFC400D35698 /* Build configuration list for PBXNativeTarget "Repository" */;
			buildPhases = (
				A6D08A92279CEFC400D35698 /* Headers */,
				A6D08A93279CEFC400D35698 /* Sources */,
				A6D08A94279CEFC400D35698 /* Frameworks */,
				A6D08A95279CEFC400D35698 /* Resources */,
			);
			buildRules = (
			);
			dependencies = (
			);
			name = Repository;
			packageProductDependencies = (
			);
			productName = Repository;
			productReference = A6D08A97279CEFC400D35698 /* Repository.framework */;
			productType = "com.apple.product-type.framework";
		};
		A6D08A9F279CEFC400D35698 /* RepositoryTests */ = {
			isa = PBXNativeTarget;
			buildConfigurationList = A6D08AAE279CEFC400D35698 /* Build configuration list for PBXNativeTarget "RepositoryTests" */;
			buildPhases = (
				34C012FEEB0C36BD082F8572 /* Clean Mockingbird Mocks */,
				426EB8DD852B3ECE8706E102 /* Generate Mockingbird Mocks */,
				A6D08A9C279CEFC400D35698 /* Sources */,
				A6D08A9D279CEFC400D35698 /* Frameworks */,
				A6D08A9E279CEFC400D35698 /* Resources */,
			);
			buildRules = (
			);
			dependencies = (
				A6D08AA3279CEFC400D35698 /* PBXTargetDependency */,
			);
			name = RepositoryTests;
			packageProductDependencies = (
				A67945AD27A135A800ADF5FD /* Mockingbird */,
			);
			productName = RepositoryTests;
			productReference = A6D08AA0279CEFC400D35698 /* RepositoryTests.xctest */;
			productType = "com.apple.product-type.bundle.unit-test";
		};
/* End PBXNativeTarget section */

/* Begin PBXProject section */
		A6D08A8E279CEFC300D35698 /* Project object */ = {
			isa = PBXProject;
			attributes = {
				LastSwiftUpdateCheck = 1250;
				LastUpgradeCheck = 1250;
				TargetAttributes = {
					A6D08A96279CEFC400D35698 = {
						CreatedOnToolsVersion = 12.5;
						LastSwiftMigration = 1250;
					};
					A6D08A9F279CEFC400D35698 = {
						CreatedOnToolsVersion = 12.5;
					};
				};
			};
			buildConfigurationList = A6D08A91279CEFC300D35698 /* Build configuration list for PBXProject "Repository" */;
			compatibilityVersion = "Xcode 9.3";
			developmentRegion = en;
			hasScannedForEncodings = 0;
			knownRegions = (
				en,
				Base,
			);
			mainGroup = A6D08A8D279CEFC300D35698;
			packageReferences = (
				A67945AC27A135A800ADF5FD /* XCRemoteSwiftPackageReference "mockingbird" */,
			);
			productRefGroup = A6D08A98279CEFC400D35698 /* Products */;
			projectDirPath = "";
			projectRoot = "";
			targets = (
				A6D08A96279CEFC400D35698 /* Repository */,
				A6D08A9F279CEFC400D35698 /* RepositoryTests */,
			);
		};
/* End PBXProject section */

/* Begin PBXResourcesBuildPhase section */
		A6D08A95279CEFC400D35698 /* Resources */ = {
			isa = PBXResourcesBuildPhase;
			buildActionMask = 2147483647;
			files = (
			);
			runOnlyForDeploymentPostprocessing = 0;
		};
		A6D08A9E279CEFC400D35698 /* Resources */ = {
			isa = PBXResourcesBuildPhase;
			buildActionMask = 2147483647;
			files = (
			);
			runOnlyForDeploymentPostprocessing = 0;
		};
/* End PBXResourcesBuildPhase section */

/* Begin PBXShellScriptBuildPhase section */
		34C012FEEB0C36BD082F8572 /* Clean Mockingbird Mocks */ = {
			isa = PBXShellScriptBuildPhase;
			buildActionMask = 2147483647;
			files = (
			);
			inputPaths = (
			);
			name = "Clean Mockingbird Mocks";
			outputPaths = (
				"/tmp/Mockingbird-F8E7A40C-C461-47FB-B80A-7B983D2051AF",
			);
			runOnlyForDeploymentPostprocessing = 0;
			shellPath = /bin/sh;
			shellScript = "echo $RANDOM > '/tmp/Mockingbird-F8E7A40C-C461-47FB-B80A-7B983D2051AF'\n";
		};
		426EB8DD852B3ECE8706E102 /* Generate Mockingbird Mocks */ = {
			isa = PBXShellScriptBuildPhase;
			buildActionMask = 2147483647;
			files = (
			);
			inputPaths = (
				"/tmp/Mockingbird-F8E7A40C-C461-47FB-B80A-7B983D2051AF",
			);
			name = "Generate Mockingbird Mocks";
			outputPaths = (
				"$(SRCROOT)/MockingbirdMocks/RepositoryTests-RepositoryMocks.generated.swift",
			);
			runOnlyForDeploymentPostprocessing = 0;
			shellPath = /bin/sh;
			shellScript = "set -eu\n\n# Ensure mocks are generated prior to running Compile Sources\nrm -f '/tmp/Mockingbird-F8E7A40C-C461-47FB-B80A-7B983D2051AF'\n\nmockingbird generate \\\n  --targets 'Repository' \\\n  --outputs \"${SRCROOT}/MockingbirdMocks/RepositoryTests-RepositoryMocks.generated.swift\" \\\n  --support \"${SRCROOT}/MockingbirdSupport\"";
		};
/* End PBXShellScriptBuildPhase section */

/* Begin PBXSourcesBuildPhase section */
		A6D08A93279CEFC400D35698 /* Sources */ = {
			isa = PBXSourcesBuildPhase;
			buildActionMask = 2147483647;
			files = (
				A6BB736E279CF770001B2DD7 /* Contact.swift in Sources */,
				A6BB7365279CF770001B2DD7 /* ContactDaoImpl.swift in Sources */,
				A6BB7364279CF770001B2DD7 /* Publisher+Extension.swift in Sources */,
				A6BB736F279CF770001B2DD7 /* ContactRepositoryImpl.swift in Sources */,
				A6BB7347279CF74C001B2DD7 /* Repository.swift in Sources */,
				A6BB7367279CF770001B2DD7 /* BaseDao.swift in Sources */,
				A6BB736B279CF770001B2DD7 /* BaseUrl.swift in Sources */,
				A6BB7366279CF770001B2DD7 /* ContactDao.swift in Sources */,
				A6BB7368279CF770001B2DD7 /* ApiError.swift in Sources */,
				A6BB736C279CF770001B2DD7 /* ContactApi.swift in Sources */,
				A6BB736D279CF770001B2DD7 /* BaseApi.swift in Sources */,
				A6BB7369279CF770001B2DD7 /* RepositoryConfigs.swift in Sources */,
				A6BB7370279CF770001B2DD7 /* ContactRepository.swift in Sources */,
				A6BB736A279CF770001B2DD7 /* ContactApiImpl.swift in Sources */,
			);
			runOnlyForDeploymentPostprocessing = 0;
		};
		A6D08A9C279CEFC400D35698 /* Sources */ = {
			isa = PBXSourcesBuildPhase;
			buildActionMask = 2147483647;
			files = (
				A67945A827A133B100ADF5FD /* MockURLProtocol.swift in Sources */,
				A67945AA27A133B100ADF5FD /* ContactDaoTests.swift in Sources */,
				A67945AB27A133B100ADF5FD /* ContactRepositoryTests.swift in Sources */,
				A67945A927A133B100ADF5FD /* ContactApiTests.swift in Sources */,
				A6D08AA6279CEFC400D35698 /* RepositoryTests.swift in Sources */,
				D24518527751F58218E58F46 /* RepositoryTests-RepositoryMocks.generated.swift in Sources */,
			);
			runOnlyForDeploymentPostprocessing = 0;
		};
/* End PBXSourcesBuildPhase section */

/* Begin PBXTargetDependency section */
		A6D08AA3279CEFC400D35698 /* PBXTargetDependency */ = {
			isa = PBXTargetDependency;
			target = A6D08A96279CEFC400D35698 /* Repository */;
			targetProxy = A6D08AA2279CEFC400D35698 /* PBXContainerItemProxy */;
		};
/* End PBXTargetDependency section */

/* Begin XCBuildConfiguration section */
		A6D08AA9279CEFC400D35698 /* Debug */ = {
			isa = XCBuildConfiguration;
			buildSettings = {
				ALWAYS_SEARCH_USER_PATHS = NO;
				CLANG_ANALYZER_NONNULL = YES;
				CLANG_ANALYZER_NUMBER_OBJECT_CONVERSION = YES_AGGRESSIVE;
				CLANG_CXX_LANGUAGE_STANDARD = "gnu++14";
				CLANG_CXX_LIBRARY = "libc++";
				CLANG_ENABLE_MODULES = YES;
				CLANG_ENABLE_OBJC_ARC = YES;
				CLANG_ENABLE_OBJC_WEAK = YES;
				CLANG_WARN_BLOCK_CAPTURE_AUTORELEASING = YES;
				CLANG_WARN_BOOL_CONVERSION = YES;
				CLANG_WARN_COMMA = YES;
				CLANG_WARN_CONSTANT_CONVERSION = YES;
				CLANG_WARN_DEPRECATED_OBJC_IMPLEMENTATIONS = YES;
				CLANG_WARN_DIRECT_OBJC_ISA_USAGE = YES_ERROR;
				CLANG_WARN_DOCUMENTATION_COMMENTS = YES;
				CLANG_WARN_EMPTY_BODY = YES;
				CLANG_WARN_ENUM_CONVERSION = YES;
				CLANG_WARN_INFINITE_RECURSION = YES;
				CLANG_WARN_INT_CONVERSION = YES;
				CLANG_WARN_NON_LITERAL_NULL_CONVERSION = YES;
				CLANG_WARN_OBJC_IMPLICIT_RETAIN_SELF = YES;
				CLANG_WARN_OBJC_LITERAL_CONVERSION = YES;
				CLANG_WARN_OBJC_ROOT_CLASS = YES_ERROR;
				CLANG_WARN_QUOTED_INCLUDE_IN_FRAMEWORK_HEADER = YES;
				CLANG_WARN_RANGE_LOOP_ANALYSIS = YES;
				CLANG_WARN_STRICT_PROTOTYPES = YES;
				CLANG_WARN_SUSPICIOUS_MOVE = YES;
				CLANG_WARN_UNGUARDED_AVAILABILITY = YES_AGGRESSIVE;
				CLANG_WARN_UNREACHABLE_CODE = YES;
				CLANG_WARN__DUPLICATE_METHOD_MATCH = YES;
				COPY_PHASE_STRIP = NO;
				CURRENT_PROJECT_VERSION = 1;
				DEBUG_INFORMATION_FORMAT = dwarf;
				ENABLE_STRICT_OBJC_MSGSEND = YES;
				ENABLE_TESTABILITY = YES;
				GCC_C_LANGUAGE_STANDARD = gnu11;
				GCC_DYNAMIC_NO_PIC = NO;
				GCC_NO_COMMON_BLOCKS = YES;
				GCC_OPTIMIZATION_LEVEL = 0;
				GCC_PREPROCESSOR_DEFINITIONS = (
					"DEBUG=1",
					"$(inherited)",
				);
				GCC_WARN_64_TO_32_BIT_CONVERSION = YES;
				GCC_WARN_ABOUT_RETURN_TYPE = YES_ERROR;
				GCC_WARN_UNDECLARED_SELECTOR = YES;
				GCC_WARN_UNINITIALIZED_AUTOS = YES_AGGRESSIVE;
				GCC_WARN_UNUSED_FUNCTION = YES;
				GCC_WARN_UNUSED_VARIABLE = YES;
				IPHONEOS_DEPLOYMENT_TARGET = 14.5;
				MTL_ENABLE_DEBUG_INFO = INCLUDE_SOURCE;
				MTL_FAST_MATH = YES;
				ONLY_ACTIVE_ARCH = YES;
				SDKROOT = iphoneos;
				SWIFT_ACTIVE_COMPILATION_CONDITIONS = DEBUG;
				SWIFT_OPTIMIZATION_LEVEL = "-Onone";
				VERSIONING_SYSTEM = "apple-generic";
				VERSION_INFO_PREFIX = "";
			};
			name = Debug;
		};
		A6D08AAA279CEFC400D35698 /* Release */ = {
			isa = XCBuildConfiguration;
			buildSettings = {
				ALWAYS_SEARCH_USER_PATHS = NO;
				CLANG_ANALYZER_NONNULL = YES;
				CLANG_ANALYZER_NUMBER_OBJECT_CONVERSION = YES_AGGRESSIVE;
				CLANG_CXX_LANGUAGE_STANDARD = "gnu++14";
				CLANG_CXX_LIBRARY = "libc++";
				CLANG_ENABLE_MODULES = YES;
				CLANG_ENABLE_OBJC_ARC = YES;
				CLANG_ENABLE_OBJC_WEAK = YES;
				CLANG_WARN_BLOCK_CAPTURE_AUTORELEASING = YES;
				CLANG_WARN_BOOL_CONVERSION = YES;
				CLANG_WARN_COMMA = YES;
				CLANG_WARN_CONSTANT_CONVERSION = YES;
				CLANG_WARN_DEPRECATED_OBJC_IMPLEMENTATIONS = YES;
				CLANG_WARN_DIRECT_OBJC_ISA_USAGE = YES_ERROR;
				CLANG_WARN_DOCUMENTATION_COMMENTS = YES;
				CLANG_WARN_EMPTY_BODY = YES;
				CLANG_WARN_ENUM_CONVERSION = YES;
				CLANG_WARN_INFINITE_RECURSION = YES;
				CLANG_WARN_INT_CONVERSION = YES;
				CLANG_WARN_NON_LITERAL_NULL_CONVERSION = YES;
				CLANG_WARN_OBJC_IMPLICIT_RETAIN_SELF = YES;
				CLANG_WARN_OBJC_LITERAL_CONVERSION = YES;
				CLANG_WARN_OBJC_ROOT_CLASS = YES_ERROR;
				CLANG_WARN_QUOTED_INCLUDE_IN_FRAMEWORK_HEADER = YES;
				CLANG_WARN_RANGE_LOOP_ANALYSIS = YES;
				CLANG_WARN_STRICT_PROTOTYPES = YES;
				CLANG_WARN_SUSPICIOUS_MOVE = YES;
				CLANG_WARN_UNGUARDED_AVAILABILITY = YES_AGGRESSIVE;
				CLANG_WARN_UNREACHABLE_CODE = YES;
				CLANG_WARN__DUPLICATE_METHOD_MATCH = YES;
				COPY_PHASE_STRIP = NO;
				CURRENT_PROJECT_VERSION = 1;
				DEBUG_INFORMATION_FORMAT = "dwarf-with-dsym";
				ENABLE_NS_ASSERTIONS = NO;
				ENABLE_STRICT_OBJC_MSGSEND = YES;
				GCC_C_LANGUAGE_STANDARD = gnu11;
				GCC_NO_COMMON_BLOCKS = YES;
				GCC_WARN_64_TO_32_BIT_CONVERSION = YES;
				GCC_WARN_ABOUT_RETURN_TYPE = YES_ERROR;
				GCC_WARN_UNDECLARED_SELECTOR = YES;
				GCC_WARN_UNINITIALIZED_AUTOS = YES_AGGRESSIVE;
				GCC_WARN_UNUSED_FUNCTION = YES;
				GCC_WARN_UNUSED_VARIABLE = YES;
				IPHONEOS_DEPLOYMENT_TARGET = 14.5;
				MTL_ENABLE_DEBUG_INFO = NO;
				MTL_FAST_MATH = YES;
				SDKROOT = iphoneos;
				SWIFT_COMPILATION_MODE = wholemodule;
				SWIFT_OPTIMIZATION_LEVEL = "-O";
				VALIDATE_PRODUCT = YES;
				VERSIONING_SYSTEM = "apple-generic";
				VERSION_INFO_PREFIX = "";
			};
			name = Release;
		};
		A6D08AAC279CEFC400D35698 /* Debug */ = {
			isa = XCBuildConfiguration;
			buildSettings = {
				CLANG_ENABLE_MODULES = YES;
				CODE_SIGN_STYLE = Automatic;
				DEFINES_MODULE = YES;
				DYLIB_COMPATIBILITY_VERSION = 1;
				DYLIB_CURRENT_VERSION = 1;
				DYLIB_INSTALL_NAME_BASE = "@rpath";
				INFOPLIST_FILE = Repository/Info.plist;
				INSTALL_PATH = "$(LOCAL_LIBRARY_DIR)/Frameworks";
				IPHONEOS_DEPLOYMENT_TARGET = 14.0;
				LD_RUNPATH_SEARCH_PATHS = (
					"$(inherited)",
					"@executable_path/Frameworks",
					"@loader_path/Frameworks",
				);
				PRODUCT_BUNDLE_IDENTIFIER = ptc.tech.Repository;
				PRODUCT_NAME = "$(TARGET_NAME:c99extidentifier)";
				SKIP_INSTALL = YES;
				SWIFT_OPTIMIZATION_LEVEL = "-Onone";
				SWIFT_VERSION = 5.0;
				TARGETED_DEVICE_FAMILY = "1,2";
			};
			name = Debug;
		};
		A6D08AAD279CEFC400D35698 /* Release */ = {
			isa = XCBuildConfiguration;
			buildSettings = {
				CLANG_ENABLE_MODULES = YES;
				CODE_SIGN_STYLE = Automatic;
				DEFINES_MODULE = YES;
				DYLIB_COMPATIBILITY_VERSION = 1;
				DYLIB_CURRENT_VERSION = 1;
				DYLIB_INSTALL_NAME_BASE = "@rpath";
				INFOPLIST_FILE = Repository/Info.plist;
				INSTALL_PATH = "$(LOCAL_LIBRARY_DIR)/Frameworks";
				IPHONEOS_DEPLOYMENT_TARGET = 14.0;
				LD_RUNPATH_SEARCH_PATHS = (
					"$(inherited)",
					"@executable_path/Frameworks",
					"@loader_path/Frameworks",
				);
				PRODUCT_BUNDLE_IDENTIFIER = ptc.tech.Repository;
				PRODUCT_NAME = "$(TARGET_NAME:c99extidentifier)";
				SKIP_INSTALL = YES;
				SWIFT_VERSION = 5.0;
				TARGETED_DEVICE_FAMILY = "1,2";
			};
			name = Release;
		};
		A6D08AAF279CEFC400D35698 /* Debug */ = {
			isa = XCBuildConfiguration;
			buildSettings = {
				ALWAYS_EMBED_SWIFT_STANDARD_LIBRARIES = YES;
				CODE_SIGN_STYLE = Automatic;
				INFOPLIST_FILE = RepositoryTests/Info.plist;
				LD_RUNPATH_SEARCH_PATHS = (
					"$(inherited)",
					"@executable_path/Frameworks",
					"@loader_path/Frameworks",
				);
				PRODUCT_BUNDLE_IDENTIFIER = ptc.tech.RepositoryTests;
				PRODUCT_NAME = "$(TARGET_NAME)";
				SWIFT_VERSION = 5.0;
				TARGETED_DEVICE_FAMILY = "1,2";
			};
			name = Debug;
		};
		A6D08AB0279CEFC400D35698 /* Release */ = {
			isa = XCBuildConfiguration;
			buildSettings = {
				ALWAYS_EMBED_SWIFT_STANDARD_LIBRARIES = YES;
				CODE_SIGN_STYLE = Automatic;
				INFOPLIST_FILE = RepositoryTests/Info.plist;
				LD_RUNPATH_SEARCH_PATHS = (
					"$(inherited)",
					"@executable_path/Frameworks",
					"@loader_path/Frameworks",
				);
				PRODUCT_BUNDLE_IDENTIFIER = ptc.tech.RepositoryTests;
				PRODUCT_NAME = "$(TARGET_NAME)";
				SWIFT_VERSION = 5.0;
				TARGETED_DEVICE_FAMILY = "1,2";
			};
			name = Release;
		};
/* End XCBuildConfiguration section */

/* Begin XCConfigurationList section */
		A6D08A91279CEFC300D35698 /* Build configuration list for PBXProject "Repository" */ = {
			isa = XCConfigurationList;
			buildConfigurations = (
				A6D08AA9279CEFC400D35698 /* Debug */,
				A6D08AAA279CEFC400D35698 /* Release */,
			);
			defaultConfigurationIsVisible = 0;
			defaultConfigurationName = Release;
		};
		A6D08AAB279CEFC400D35698 /* Build configuration list for PBXNativeTarget "Repository" */ = {
			isa = XCConfigurationList;
			buildConfigurations = (
				A6D08AAC279CEFC400D35698 /* Debug */,
				A6D08AAD279CEFC400D35698 /* Release */,
			);
			defaultConfigurationIsVisible = 0;
			defaultConfigurationName = Release;
		};
		A6D08AAE279CEFC400D35698 /* Build configuration list for PBXNativeTarget "RepositoryTests" */ = {
			isa = XCConfigurationList;
			buildConfigurations = (
				A6D08AAF279CEFC400D35698 /* Debug */,
				A6D08AB0279CEFC400D35698 /* Release */,
			);
			defaultConfigurationIsVisible = 0;
			defaultConfigurationName = Release;
		};
/* End XCConfigurationList section */

/* Begin XCRemoteSwiftPackageReference section */
		A67945AC27A135A800ADF5FD /* XCRemoteSwiftPackageReference "mockingbird" */ = {
			isa = XCRemoteSwiftPackageReference;
			repositoryURL = "https://github.com/birdrides/mockingbird";
			requirement = {
				branch = master;
				kind = branch;
			};
		};
/* End XCRemoteSwiftPackageReference section */

/* Begin XCSwiftPackageProductDependency section */
		A67945AD27A135A800ADF5FD /* Mockingbird */ = {
			isa = XCSwiftPackageProductDependency;
			package = A67945AC27A135A800ADF5FD /* XCRemoteSwiftPackageReference "mockingbird" */;
			productName = Mockingbird;
		};
/* End XCSwiftPackageProductDependency section */
	};
	rootObject = A6D08A8E279CEFC300D35698 /* Project object */;
}
