{"cliVersion":"0.18.1","productModuleName":"Repository","sourceFilePaths":[{"path":"\/Users\/camapblue\/Projects\/Boilerplate\/boilerplate-mvvm-swiftui\/Repository\/Repository\/Api\/BaseApi.swift","hash":"f89ef82de5bbd58168dddf26c3c7f8f16b5d9a97"},{"path":"\/Users\/camapblue\/Projects\/Boilerplate\/boilerplate-mvvm-swiftui\/Repository\/Repository\/Api\/BaseUrl.swift","hash":"b702b88e306a00915a8b4f3a3d17a9737c7f889e"},{"path":"\/Users\/camapblue\/Projects\/Boilerplate\/boilerplate-mvvm-swiftui\/Repository\/Repository\/Api\/ContactApi.swift","hash":"2e8c3b138bf1f1551ec0f60dd60f64b3dc35534b"},{"path":"\/Users\/camapblue\/Projects\/Boilerplate\/boilerplate-mvvm-swiftui\/Repository\/Repository\/Api\/impl\/ContactApiImpl.swift","hash":"dd4f6ca66bf852c225e25a13b339b07938deb08e"},{"path":"\/Users\/camapblue\/Projects\/Boilerplate\/boilerplate-mvvm-swiftui\/Repository\/Repository\/Configurations\/RepositoryConfigs.swift","hash":"1010499a2aba010315123e08477051d37ef9aa1f"},{"path":"\/Users\/camapblue\/Projects\/Boilerplate\/boilerplate-mvvm-swiftui\/Repository\/Repository\/Dao\/BaseDao.swift","hash":"0ae02a877c4c4de2f991f1dc1d56e7d64e5c3931"},{"path":"\/Users\/camapblue\/Projects\/Boilerplate\/boilerplate-mvvm-swiftui\/Repository\/Repository\/Dao\/ContactDao.swift","hash":"8e4f99f9d7a2e5809de97b640aa7d500da362814"},{"path":"\/Users\/camapblue\/Projects\/Boilerplate\/boilerplate-mvvm-swiftui\/Repository\/Repository\/Dao\/impl\/ContactDaoImpl.swift","hash":"b15bfbfc9f35fa4079c1e73d73855bd7c8c49096"},{"path":"\/Users\/camapblue\/Projects\/Boilerplate\/boilerplate-mvvm-swiftui\/Repository\/Repository\/Exception\/ApiError.swift","hash":"f3751b974dbb68183eac21bc5b429aa445c5124b"},{"path":"\/Users\/camapblue\/Projects\/Boilerplate\/boilerplate-mvvm-swiftui\/Repository\/Repository\/Extension\/Publisher+Extension.swift","hash":"e2642769c74e22a7b70501160e10dc09ae5fca18"},{"path":"\/Users\/camapblue\/Projects\/Boilerplate\/boilerplate-mvvm-swiftui\/Repository\/Repository\/Model\/Contact.swift","hash":"f588a2bc260f947ba0f509e4358d7e5aaca22644"},{"path":"\/Users\/camapblue\/Projects\/Boilerplate\/boilerplate-mvvm-swiftui\/Repository\/Repository\/Repository.swift","hash":"5399260b7843f28a17edbc9c5a540444bb666179"},{"path":"\/Users\/camapblue\/Projects\/Boilerplate\/boilerplate-mvvm-swiftui\/Repository\/Repository\/Repository\/ContactRepository.swift","hash":"50e2da6d6bc434539c90dd75845e362399c506cf"},{"path":"\/Users\/camapblue\/Projects\/Boilerplate\/boilerplate-mvvm-swiftui\/Repository\/Repository\/Repository\/impl\/ContactRepositoryImpl.swift","hash":"8ec07d6a52ee5d5c511e0528737670f1c23af051"}],"configHash":"ee91b02e6ed8ec6114ca6b6b9a67f9f3b4d9a635","dependencyPathsHash":"ca65c19e06f846e77a601616ffa5bdb6f8f2d165","targetPathsHash":"1444a49f8dba6ff305a3847227a5eb67f08f3cb4","mockedTypesHash":"968c3dca747e78f907d163fcfcb1ac614deebb91","outputHash":"3ba73f2484dfc85d3fe21a3c19f6802bcfd577a7","dependencies":[],"sourceRoot":"\/Users\/camapblue\/Projects\/Boilerplate\/boilerplate-mvvm-swiftui\/Repository","supportingFilePaths":[{"path":"\/Users\/camapblue\/Projects\/Boilerplate\/boilerplate-mvvm-swiftui\/Repository\/MockingbirdSupport\/AppKit\/NSResponder.swift","hash":"21296949c6d570892c8665a450e62c234c938790"},{"path":"\/Users\/camapblue\/Projects\/Boilerplate\/boilerplate-mvvm-swiftui\/Repository\/MockingbirdSupport\/AppKit\/NSView.swift","hash":"85b3183be144012a7e105e292426c3d9f8966072"},{"path":"\/Users\/camapblue\/Projects\/Boilerplate\/boilerplate-mvvm-swiftui\/Repository\/MockingbirdSupport\/AppKit\/NSViewController.swift","hash":"d8785e8a119f2723c8840534df0ad8ac61409797"},{"path":"\/Users\/camapblue\/Projects\/Boilerplate\/boilerplate-mvvm-swiftui\/Repository\/MockingbirdSupport\/Foundation\/ObjectiveC\/NSObject.swift","hash":"cf466772b8c2d80d31f34b93b501b398fbb8854d"},{"path":"\/Users\/camapblue\/Projects\/Boilerplate\/boilerplate-mvvm-swiftui\/Repository\/MockingbirdSupport\/Foundation\/ObjectiveC\/NSObject.swift","hash":"cf466772b8c2d80d31f34b93b501b398fbb8854d"},{"path":"\/Users\/camapblue\/Projects\/Boilerplate\/boilerplate-mvvm-swiftui\/Repository\/MockingbirdSupport\/Swift\/Codable.swift","hash":"57675d8b36a2db7b093b3542bd3225a88992c3bc"},{"path":"\/Users\/camapblue\/Projects\/Boilerplate\/boilerplate-mvvm-swiftui\/Repository\/MockingbirdSupport\/Swift\/Comparable.swift","hash":"d0d110744eeaf2f8fdd2f8a41df3452f35286bb7"},{"path":"\/Users\/camapblue\/Projects\/Boilerplate\/boilerplate-mvvm-swiftui\/Repository\/MockingbirdSupport\/Swift\/Equatable.swift","hash":"2e7674f4e23a5ab7aef45b91b63c0ed5934c3b83"},{"path":"\/Users\/camapblue\/Projects\/Boilerplate\/boilerplate-mvvm-swiftui\/Repository\/MockingbirdSupport\/Swift\/Hashable.swift","hash":"f59ec249aa03e312f2bda7c3b397c0dccd880a21"},{"path":"\/Users\/camapblue\/Projects\/Boilerplate\/boilerplate-mvvm-swiftui\/Repository\/MockingbirdSupport\/Swift\/Misc.swift","hash":"c139249ec5799f1ec64c3d9e7d8c1f286b894035"},{"path":"\/Users\/camapblue\/Projects\/Boilerplate\/boilerplate-mvvm-swiftui\/Repository\/MockingbirdSupport\/UIKit\/UIControl.swift","hash":"9363a4c38002598dbbc1198f16fe7198b8151d24"},{"path":"\/Users\/camapblue\/Projects\/Boilerplate\/boilerplate-mvvm-swiftui\/Repository\/MockingbirdSupport\/UIKit\/UILabel.swift","hash":"e26a734695bfe008598ed0d8c936683db78f40ac"},{"path":"\/Users\/camapblue\/Projects\/Boilerplate\/boilerplate-mvvm-swiftui\/Repository\/MockingbirdSupport\/UIKit\/UIView.swift","hash":"10e6b03a9c5a76f720c17fcb82af82ff66994926"},{"path":"\/Users\/camapblue\/Projects\/Boilerplate\/boilerplate-mvvm-swiftui\/Repository\/MockingbirdSupport\/UIKit\/UIViewController.swift","hash":"bbd8980a22029f339b0e8746124fd06d94730570"}],"name":"Repository","projectHash":"cfcf6c5cd5941d5f7016d017f484b6cc6195cabe"}