{"projectHash":"cfcf6c5cd5941d5f7016d017f484b6cc6195cabe","productModuleName":"RepositoryTests","mockedTypeNames":["\/Users\/camapblue\/Projects\/Boilerplate\/boilerplate-mvvm-swiftui\/Repository\/RepositoryTests\/Dao\/ContactDaoTests.swift",[],"\/Users\/camapblue\/Projects\/Boilerplate\/boilerplate-mvvm-swiftui\/Repository\/RepositoryTests\/Repository\/ContactRepositoryTests.swift",["ContactDao","ContactApi"],"\/Users\/camapblue\/Projects\/Boilerplate\/boilerplate-mvvm-swiftui\/Repository\/RepositoryTests\/Api\/ContactApiTests.swift",[],"\/Users\/camapblue\/Projects\/Boilerplate\/boilerplate-mvvm-swiftui\/Repository\/RepositoryTests\/Api\/MockURLProtocol.swift",[],"\/Users\/camapblue\/Projects\/Boilerplate\/boilerplate-mvvm-swiftui\/Repository\/RepositoryTests\/RepositoryTests.swift",[]],"cliVersion":"0.18.1","configHash":"ee91b02e6ed8ec6114ca6b6b9a67f9f3b4d9a635","sourceRoot":"\/Users\/camapblue\/Projects\/Boilerplate\/boilerplate-mvvm-swiftui\/Repository","sourceFilePaths":[{"path":"\/Users\/camapblue\/Projects\/Boilerplate\/boilerplate-mvvm-swiftui\/Repository\/MockingbirdMocks\/RepositoryTests-RepositoryMocks.generated.swift","hash":"3ba73f2484dfc85d3fe21a3c19f6802bcfd577a7"},{"path":"\/Users\/camapblue\/Projects\/Boilerplate\/boilerplate-mvvm-swiftui\/Repository\/RepositoryTests\/Api\/ContactApiTests.swift","hash":"d0a8575f4a19fc4e952094fb02e67365be1e315a"},{"path":"\/Users\/camapblue\/Projects\/Boilerplate\/boilerplate-mvvm-swiftui\/Repository\/RepositoryTests\/Api\/MockURLProtocol.swift","hash":"4897b3b3542ce1f80862501ebd8d4af7dc946d2f"},{"path":"\/Users\/camapblue\/Projects\/Boilerplate\/boilerplate-mvvm-swiftui\/Repository\/RepositoryTests\/Dao\/ContactDaoTests.swift","hash":"03c7e630b893579bdc0909780ec53701a05bc48b"},{"path":"\/Users\/camapblue\/Projects\/Boilerplate\/boilerplate-mvvm-swiftui\/Repository\/RepositoryTests\/Repository\/ContactRepositoryTests.swift","hash":"6a39505cb81d9539d9b85003e935e4c5e3f1ae15"},{"path":"\/Users\/camapblue\/Projects\/Boilerplate\/boilerplate-mvvm-swiftui\/Repository\/RepositoryTests\/RepositoryTests.swift","hash":"53ccd1830e5a27e0e3b5f778c6d7ece16df580d5"}],"dependencies":[],"name":"RepositoryTests"}